
Microsoft Visual Studio Solution File, Format Version 12.00
# Visual Studio Version 16
VisualStudioVersion = 16.0.31402.337
MinimumVisualStudioVersion = 10.0.40219.1
Project("{FAE04EC0-301F-11D3-BF4B-00C04F79EFBC}") = "PlatONet", "PlatONet\PlatONet.csproj", "{0D25329E-BB8A-41E3-8548-288DACB48DC1}"
EndProject
Project("{FAE04EC0-301F-11D3-BF4B-00C04F79EFBC}") = "examples", "examples\examples.csproj", "{2BEE66FF-B6A4-4B16-864A-E3AB18548AF2}"
EndProject
Global
	GlobalSection(SolutionConfigurationPlatforms) = preSolution
		Debug|Any CPU = Debug|Any CPU
		Release|Any CPU = Release|Any CPU
	EndGlobalSection
	GlobalSection(ProjectConfigurationPlatforms) = postSolution
		{0D25329E-BB8A-41E3-8548-288DACB48DC1}.Debug|Any CPU.ActiveCfg = Debug|Any CPU
		{0D25329E-BB8A-41E3-8548-288DACB48DC1}.Debug|Any CPU.Build.0 = Debug|Any CPU
		{0D25329E-BB8A-41E3-8548-288DACB48DC1}.Release|Any CPU.ActiveCfg = Release|Any CPU
		{0D25329E-BB8A-41E3-8548-288DACB48DC1}.Release|Any CPU.Build.0 = Release|Any CPU
		{2BEE66FF-B6A4-4B16-864A-E3AB18548AF2}.Debug|Any CPU.ActiveCfg = Debug|Any CPU
		{2BEE66FF-B6A4-4B16-864A-E3AB18548AF2}.Debug|Any CPU.Build.0 = Debug|Any CPU
		{2BEE66FF-B6A4-4B16-864A-E3AB18548AF2}.Release|Any CPU.ActiveCfg = Release|Any CPU
		{2BEE66FF-B6A4-4B16-864A-E3AB18548AF2}.Release|Any CPU.Build.0 = Release|Any CPU
	EndGlobalSection
	GlobalSection(SolutionProperties) = preSolution
		HideSolutionNode = FALSE
	EndGlobalSection
	GlobalSection(ExtensibilityGlobals) = postSolution
		SolutionGuid = {A0F90C96-061A-474D-A02C-9DC48772CC89}
	EndGlobalSection
EndGlobal
